
Microsoft Visual Studio Solution File, Format Version 11.00
# Visual Studio 2010
Project("{FAE04EC0-301F-11D3-BF4B-00C04F79EFBC}") = "Assembly-CSharp", "Assembly-CSharp.csproj", "{6DFDB71B-664F-052A-390C-7B21DB6DB6D1}"
EndProject
Project("{FAE04EC0-301F-11D3-BF4B-00C04F79EFBC}") = "AstarPathfindingProject", "AstarPathfindingProject.csproj", "{37B75C76-2EE0-04FA-AF52-E6A1505FF304}"
EndProject
Project("{FAE04EC0-301F-11D3-BF4B-00C04F79EFBC}") = "AstarPathfindingProjectEditor", "AstarPathfindingProjectEditor.csproj", "{63469223-944C-2C27-E119-64EA39DEC665}"
EndProject
Project("{FAE04EC0-301F-11D3-BF4B-00C04F79EFBC}") = "PackageToolsEditor", "PackageToolsEditor.csproj", "{EF097EE1-B22A-A66A-4D42-B258B7CB9DC9}"
EndProject
Global
	GlobalSection(SolutionConfigurationPlatforms) = preSolution
		Debug|Any CPU = Debug|Any CPU
		Release|Any CPU = Release|Any CPU
	EndGlobalSection
	GlobalSection(ProjectConfigurationPlatforms) = postSolution
		{6DFDB71B-664F-052A-390C-7B21DB6DB6D1}.Debug|Any CPU.ActiveCfg = Debug|Any CPU
		{6DFDB71B-664F-052A-390C-7B21DB6DB6D1}.Debug|Any CPU.Build.0 = Debug|Any CPU
		{6DFDB71B-664F-052A-390C-7B21DB6DB6D1}.Release|Any CPU.ActiveCfg = Release|Any CPU
		{6DFDB71B-664F-052A-390C-7B21DB6DB6D1}.Release|Any CPU.Build.0 = Release|Any CPU
		{37B75C76-2EE0-04FA-AF52-E6A1505FF304}.Debug|Any CPU.ActiveCfg = Debug|Any CPU
		{37B75C76-2EE0-04FA-AF52-E6A1505FF304}.Debug|Any CPU.Build.0 = Debug|Any CPU
		{37B75C76-2EE0-04FA-AF52-E6A1505FF304}.Release|Any CPU.ActiveCfg = Release|Any CPU
		{37B75C76-2EE0-04FA-AF52-E6A1505FF304}.Release|Any CPU.Build.0 = Release|Any CPU
		{63469223-944C-2C27-E119-64EA39DEC665}.Debug|Any CPU.ActiveCfg = Debug|Any CPU
		{63469223-944C-2C27-E119-64EA39DEC665}.Debug|Any CPU.Build.0 = Debug|Any CPU
		{63469223-944C-2C27-E119-64EA39DEC665}.Release|Any CPU.ActiveCfg = Release|Any CPU
		{63469223-944C-2C27-E119-64EA39DEC665}.Release|Any CPU.Build.0 = Release|Any CPU
		{EF097EE1-B22A-A66A-4D42-B258B7CB9DC9}.Debug|Any CPU.ActiveCfg = Debug|Any CPU
		{EF097EE1-B22A-A66A-4D42-B258B7CB9DC9}.Debug|Any CPU.Build.0 = Debug|Any CPU
		{EF097EE1-B22A-A66A-4D42-B258B7CB9DC9}.Release|Any CPU.ActiveCfg = Release|Any CPU
		{EF097EE1-B22A-A66A-4D42-B258B7CB9DC9}.Release|Any CPU.Build.0 = Release|Any CPU
	EndGlobalSection
	GlobalSection(SolutionProperties) = preSolution
		HideSolutionNode = FALSE
	EndGlobalSection
EndGlobal
